
Microsoft Visual Studio Solution File, Format Version 12.00
# Visual Studio Version 17
VisualStudioVersion = 17.5.002.0
MinimumVisualStudioVersion = 10.0.40219.1
Project("{9A19103F-16F7-4668-BE54-9A1E7A4F7556}") = "Desafio exepciones especificas", "Desafio exepciones especificas.csproj", "{C632B2BE-421A-49E7-965D-ED785285C75E}"
EndProject
Global
	GlobalSection(SolutionConfigurationPlatforms) = preSolution
		Debug|Any CPU = Debug|Any CPU
		Release|Any CPU = Release|Any CPU
	EndGlobalSection
	GlobalSection(ProjectConfigurationPlatforms) = postSolution
		{C632B2BE-421A-49E7-965D-ED785285C75E}.Debug|Any CPU.ActiveCfg = Debug|Any CPU
		{C632B2BE-421A-49E7-965D-ED785285C75E}.Debug|Any CPU.Build.0 = Debug|Any CPU
		{C632B2BE-421A-49E7-965D-ED785285C75E}.Release|Any CPU.ActiveCfg = Release|Any CPU
		{C632B2BE-421A-49E7-965D-ED785285C75E}.Release|Any CPU.Build.0 = Release|Any CPU
	EndGlobalSection
	GlobalSection(SolutionProperties) = preSolution
		HideSolutionNode = FALSE
	EndGlobalSection
	GlobalSection(ExtensibilityGlobals) = postSolution
		SolutionGuid = {FBE96EE1-72FC-4897-8073-8F4D7374E09F}
	EndGlobalSection
EndGlobal
