
Microsoft Visual Studio Solution File, Format Version 12.00
# Visual Studio Version 17
VisualStudioVersion = 17.5.002.0
MinimumVisualStudioVersion = 10.0.40219.1
Project("{9A19103F-16F7-4668-BE54-9A1E7A4F7556}") = "Ejercio-while", "Ejercio-while.csproj", "{776346ED-7933-496D-93AA-A2B6FCDF58F6}"
EndProject
Global
	GlobalSection(SolutionConfigurationPlatforms) = preSolution
		Debug|Any CPU = Debug|Any CPU
		Release|Any CPU = Release|Any CPU
	EndGlobalSection
	GlobalSection(ProjectConfigurationPlatforms) = postSolution
		{776346ED-7933-496D-93AA-A2B6FCDF58F6}.Debug|Any CPU.ActiveCfg = Debug|Any CPU
		{776346ED-7933-496D-93AA-A2B6FCDF58F6}.Debug|Any CPU.Build.0 = Debug|Any CPU
		{776346ED-7933-496D-93AA-A2B6FCDF58F6}.Release|Any CPU.ActiveCfg = Release|Any CPU
		{776346ED-7933-496D-93AA-A2B6FCDF58F6}.Release|Any CPU.Build.0 = Release|Any CPU
	EndGlobalSection
	GlobalSection(SolutionProperties) = preSolution
		HideSolutionNode = FALSE
	EndGlobalSection
	GlobalSection(ExtensibilityGlobals) = postSolution
		SolutionGuid = {BE9C9308-6F6F-4B5C-A49C-6F88F581ED9A}
	EndGlobalSection
EndGlobal
