
Microsoft Visual Studio Solution File, Format Version 12.00
# Visual Studio Version 17
VisualStudioVersion = 17.5.002.0
MinimumVisualStudioVersion = 10.0.40219.1
Project("{9A19103F-16F7-4668-BE54-9A1E7A4F7556}") = "Challenge for make and producer exeptions", "Challenge for make and producer exeptions.csproj", "{2D5A2817-42AF-43F3-907D-0AC28394538C}"
EndProject
Global
	GlobalSection(SolutionConfigurationPlatforms) = preSolution
		Debug|Any CPU = Debug|Any CPU
		Release|Any CPU = Release|Any CPU
	EndGlobalSection
	GlobalSection(ProjectConfigurationPlatforms) = postSolution
		{2D5A2817-42AF-43F3-907D-0AC28394538C}.Debug|Any CPU.ActiveCfg = Debug|Any CPU
		{2D5A2817-42AF-43F3-907D-0AC28394538C}.Debug|Any CPU.Build.0 = Debug|Any CPU
		{2D5A2817-42AF-43F3-907D-0AC28394538C}.Release|Any CPU.ActiveCfg = Release|Any CPU
		{2D5A2817-42AF-43F3-907D-0AC28394538C}.Release|Any CPU.Build.0 = Release|Any CPU
	EndGlobalSection
	GlobalSection(SolutionProperties) = preSolution
		HideSolutionNode = FALSE
	EndGlobalSection
	GlobalSection(ExtensibilityGlobals) = postSolution
		SolutionGuid = {032153DF-EBFB-40A9-B2A1-6381EBC59A83}
	EndGlobalSection
EndGlobal
